// !$*UTF8*$!
{
	archiveVersion = 1;
	classes = {
	};
	objectVersion = 46;
	objects = {

/* Begin PBXBuildFile section */
		145C690E1B6A56440090E006 /* main.m in Sources */ = {isa = PBXBuildFile; fileRef = 145C690D1B6A56440090E006 /* main.m */; };
		145C69111B6A56440090E006 /* AppDelegate.m in Sources */ = {isa = PBXBuildFile; fileRef = 145C69101B6A56440090E006 /* AppDelegate.m */; };
		145C69191B6A56440090E006 /* Images.xcassets in Resources */ = {isa = PBXBuildFile; fileRef = 145C69181B6A56440090E006 /* Images.xcassets */; };
		145C69281B6A56440090E006 /* qiubaiTests.m in Sources */ = {isa = PBXBuildFile; fileRef = 145C69271B6A56440090E006 /* qiubaiTests.m */; };
		145C69351B6A5AF50090E006 /* HWNavigationController.m in Sources */ = {isa = PBXBuildFile; fileRef = 145C69341B6A5AF50090E006 /* HWNavigationController.m */; };
		145C69421B6A5B5D0090E006 /* NSDate+Extension.m in Sources */ = {isa = PBXBuildFile; fileRef = 145C69381B6A5B5D0090E006 /* NSDate+Extension.m */; };
		145C69431B6A5B5D0090E006 /* NSString+Extension.m in Sources */ = {isa = PBXBuildFile; fileRef = 145C693A1B6A5B5D0090E006 /* NSString+Extension.m */; };
		145C69441B6A5B5D0090E006 /* UIBarButtonItem+Extension.m in Sources */ = {isa = PBXBuildFile; fileRef = 145C693C1B6A5B5D0090E006 /* UIBarButtonItem+Extension.m */; };
		145C69451B6A5B5D0090E006 /* UIWindow+Extension.m in Sources */ = {isa = PBXBuildFile; fileRef = 145C693E1B6A5B5D0090E006 /* UIWindow+Extension.m */; };
		145C69461B6A5B5D0090E006 /* Foundation+Log.m in Sources */ = {isa = PBXBuildFile; fileRef = 145C693F1B6A5B5D0090E006 /* Foundation+Log.m */; };
		145C69471B6A5B5D0090E006 /* UIView+Extension.m in Sources */ = {isa = PBXBuildFile; fileRef = 145C69411B6A5B5D0090E006 /* UIView+Extension.m */; };
		145C69521B6A5CAB0090E006 /* HWPlaceholderTextView.m in Sources */ = {isa = PBXBuildFile; fileRef = 145C694B1B6A5CAB0090E006 /* HWPlaceholderTextView.m */; };
		145C69531B6A5CAB0090E006 /* HWDropdownMenu.m in Sources */ = {isa = PBXBuildFile; fileRef = 145C694D1B6A5CAB0090E006 /* HWDropdownMenu.m */; };
		145C69541B6A5CAB0090E006 /* HWSearchBar.m in Sources */ = {isa = PBXBuildFile; fileRef = 145C694F1B6A5CAB0090E006 /* HWSearchBar.m */; };
		145C69551B6A5CAB0090E006 /* HWTabbar.m in Sources */ = {isa = PBXBuildFile; fileRef = 145C69511B6A5CAB0090E006 /* HWTabbar.m */; };
		145C69611B6A60630090E006 /* ZJLTableViewController.m in Sources */ = {isa = PBXBuildFile; fileRef = 145C69601B6A60630090E006 /* ZJLTableViewController.m */; };
		14C76A961B6A6C79007A85C1 /* AFHTTPRequestOperation.m in Sources */ = {isa = PBXBuildFile; fileRef = 14C76A441B6A6C79007A85C1 /* AFHTTPRequestOperation.m */; };
		14C76A971B6A6C79007A85C1 /* AFHTTPRequestOperationManager.m in Sources */ = {isa = PBXBuildFile; fileRef = 14C76A461B6A6C79007A85C1 /* AFHTTPRequestOperationManager.m */; };
		14C76A981B6A6C79007A85C1 /* AFHTTPSessionManager.m in Sources */ = {isa = PBXBuildFile; fileRef = 14C76A481B6A6C79007A85C1 /* AFHTTPSessionManager.m */; };
		14C76A991B6A6C79007A85C1 /* AFNetworkReachabilityManager.m in Sources */ = {isa = PBXBuildFile; fileRef = 14C76A4B1B6A6C79007A85C1 /* AFNetworkReachabilityManager.m */; };
		14C76A9A1B6A6C79007A85C1 /* AFSecurityPolicy.m in Sources */ = {isa = PBXBuildFile; fileRef = 14C76A4D1B6A6C79007A85C1 /* AFSecurityPolicy.m */; };
		14C76A9B1B6A6C79007A85C1 /* AFURLConnectionOperation.m in Sources */ = {isa = PBXBuildFile; fileRef = 14C76A4F1B6A6C79007A85C1 /* AFURLConnectionOperation.m */; };
		14C76A9C1B6A6C79007A85C1 /* AFURLRequestSerialization.m in Sources */ = {isa = PBXBuildFile; fileRef = 14C76A511B6A6C79007A85C1 /* AFURLRequestSerialization.m */; };
		14C76A9D1B6A6C79007A85C1 /* AFURLResponseSerialization.m in Sources */ = {isa = PBXBuildFile; fileRef = 14C76A531B6A6C79007A85C1 /* AFURLResponseSerialization.m */; };
		14C76A9E1B6A6C79007A85C1 /* AFURLSessionManager.m in Sources */ = {isa = PBXBuildFile; fileRef = 14C76A551B6A6C79007A85C1 /* AFURLSessionManager.m */; };
		14C76A9F1B6A6C79007A85C1 /* MBProgressHUD+MJ.m in Sources */ = {isa = PBXBuildFile; fileRef = 14C76A581B6A6C79007A85C1 /* MBProgressHUD+MJ.m */; };
		14C76AA01B6A6C79007A85C1 /* MBProgressHUD.bundle in Resources */ = {isa = PBXBuildFile; fileRef = 14C76A591B6A6C79007A85C1 /* MBProgressHUD.bundle */; };
		14C76AA11B6A6C79007A85C1 /* MBProgressHUD.m in Sources */ = {isa = PBXBuildFile; fileRef = 14C76A5B1B6A6C79007A85C1 /* MBProgressHUD.m */; };
		14C76AA21B6A6C79007A85C1 /* MJArgument.m in Sources */ = {isa = PBXBuildFile; fileRef = 14C76A5E1B6A6C79007A85C1 /* MJArgument.m */; };
		14C76AA31B6A6C79007A85C1 /* MJConst.m in Sources */ = {isa = PBXBuildFile; fileRef = 14C76A601B6A6C79007A85C1 /* MJConst.m */; };
		14C76AA41B6A6C79007A85C1 /* MJFoundation.m in Sources */ = {isa = PBXBuildFile; fileRef = 14C76A631B6A6C79007A85C1 /* MJFoundation.m */; };
		14C76AA51B6A6C79007A85C1 /* MJIvar.m in Sources */ = {isa = PBXBuildFile; fileRef = 14C76A651B6A6C79007A85C1 /* MJIvar.m */; };
		14C76AA61B6A6C79007A85C1 /* MJMember.m in Sources */ = {isa = PBXBuildFile; fileRef = 14C76A671B6A6C79007A85C1 /* MJMember.m */; };
		14C76AA71B6A6C79007A85C1 /* MJMethod.m in Sources */ = {isa = PBXBuildFile; fileRef = 14C76A691B6A6C79007A85C1 /* MJMethod.m */; };
		14C76AA81B6A6C79007A85C1 /* MJType.m in Sources */ = {isa = PBXBuildFile; fileRef = 14C76A6B1B6A6C79007A85C1 /* MJType.m */; };
		14C76AA91B6A6C79007A85C1 /* MJTypeEncoding.m in Sources */ = {isa = PBXBuildFile; fileRef = 14C76A6D1B6A6C79007A85C1 /* MJTypeEncoding.m */; };
		14C76AAA1B6A6C79007A85C1 /* NSObject+MJCoding.m in Sources */ = {isa = PBXBuildFile; fileRef = 14C76A6F1B6A6C79007A85C1 /* NSObject+MJCoding.m */; };
		14C76AAB1B6A6C79007A85C1 /* NSObject+MJKeyValue.m in Sources */ = {isa = PBXBuildFile; fileRef = 14C76A711B6A6C79007A85C1 /* NSObject+MJKeyValue.m */; };
		14C76AAC1B6A6C79007A85C1 /* NSObject+MJMember.m in Sources */ = {isa = PBXBuildFile; fileRef = 14C76A731B6A6C79007A85C1 /* NSObject+MJMember.m */; };
		14C76AAD1B6A6C79007A85C1 /* MKAnnotationView+WebCache.m in Sources */ = {isa = PBXBuildFile; fileRef = 14C76A761B6A6C79007A85C1 /* MKAnnotationView+WebCache.m */; };
		14C76AAE1B6A6C79007A85C1 /* NSData+ImageContentType.m in Sources */ = {isa = PBXBuildFile; fileRef = 14C76A781B6A6C79007A85C1 /* NSData+ImageContentType.m */; };
		14C76AAF1B6A6C79007A85C1 /* SDImageCache.m in Sources */ = {isa = PBXBuildFile; fileRef = 14C76A7A1B6A6C79007A85C1 /* SDImageCache.m */; };
		14C76AB01B6A6C79007A85C1 /* SDWebImageCompat.m in Sources */ = {isa = PBXBuildFile; fileRef = 14C76A7C1B6A6C79007A85C1 /* SDWebImageCompat.m */; };
		14C76AB11B6A6C79007A85C1 /* SDWebImageDecoder.m in Sources */ = {isa = PBXBuildFile; fileRef = 14C76A7E1B6A6C79007A85C1 /* SDWebImageDecoder.m */; };
		14C76AB21B6A6C79007A85C1 /* SDWebImageDownloader.m in Sources */ = {isa = PBXBuildFile; fileRef = 14C76A801B6A6C79007A85C1 /* SDWebImageDownloader.m */; };
		14C76AB31B6A6C79007A85C1 /* SDWebImageDownloaderOperation.m in Sources */ = {isa = PBXBuildFile; fileRef = 14C76A821B6A6C79007A85C1 /* SDWebImageDownloaderOperation.m */; };
		14C76AB41B6A6C79007A85C1 /* SDWebImageManager.m in Sources */ = {isa = PBXBuildFile; fileRef = 14C76A841B6A6C79007A85C1 /* SDWebImageManager.m */; };
		14C76AB51B6A6C79007A85C1 /* SDWebImagePrefetcher.m in Sources */ = {isa = PBXBuildFile; fileRef = 14C76A871B6A6C79007A85C1 /* SDWebImagePrefetcher.m */; };
		14C76AB61B6A6C79007A85C1 /* UIButton+WebCache.m in Sources */ = {isa = PBXBuildFile; fileRef = 14C76A891B6A6C79007A85C1 /* UIButton+WebCache.m */; };
		14C76AB71B6A6C79007A85C1 /* UIImage+GIF.m in Sources */ = {isa = PBXBuildFile; fileRef = 14C76A8B1B6A6C79007A85C1 /* UIImage+GIF.m */; };
		14C76AB81B6A6C79007A85C1 /* UIImage+MultiFormat.m in Sources */ = {isa = PBXBuildFile; fileRef = 14C76A8D1B6A6C79007A85C1 /* UIImage+MultiFormat.m */; };
		14C76AB91B6A6C79007A85C1 /* UIImage+WebP.m in Sources */ = {isa = PBXBuildFile; fileRef = 14C76A8F1B6A6C79007A85C1 /* UIImage+WebP.m */; };
		14C76ABA1B6A6C79007A85C1 /* UIImageView+HighlightedWebCache.m in Sources */ = {isa = PBXBuildFile; fileRef = 14C76A911B6A6C79007A85C1 /* UIImageView+HighlightedWebCache.m */; };
		14C76ABB1B6A6C79007A85C1 /* UIImageView+WebCache.m in Sources */ = {isa = PBXBuildFile; fileRef = 14C76A931B6A6C79007A85C1 /* UIImageView+WebCache.m */; };
		14C76ABC1B6A6C79007A85C1 /* UIView+WebCacheOperation.m in Sources */ = {isa = PBXBuildFile; fileRef = 14C76A951B6A6C79007A85C1 /* UIView+WebCacheOperation.m */; };
		14C76AC01B6B9D00007A85C1 /* ZJLUser.m in Sources */ = {isa = PBXBuildFile; fileRef = 14C76ABF1B6B9D00007A85C1 /* ZJLUser.m */; };
		14C76AC31B6B9D16007A85C1 /* ZJLQiubai.m in Sources */ = {isa = PBXBuildFile; fileRef = 14C76AC21B6B9D16007A85C1 /* ZJLQiubai.m */; };
		14F9A5441B6BB61D00E16AD5 /* MJRefreshAutoFooter.m in Sources */ = {isa = PBXBuildFile; fileRef = 14F9A51A1B6BB61D00E16AD5 /* MJRefreshAutoFooter.m */; };
		14F9A5451B6BB61D00E16AD5 /* MJRefreshBackFooter.m in Sources */ = {isa = PBXBuildFile; fileRef = 14F9A51C1B6BB61D00E16AD5 /* MJRefreshBackFooter.m */; };
		14F9A5461B6BB61D00E16AD5 /* MJRefreshComponent.m in Sources */ = {isa = PBXBuildFile; fileRef = 14F9A51E1B6BB61D00E16AD5 /* MJRefreshComponent.m */; };
		14F9A5471B6BB61D00E16AD5 /* MJRefreshFooter.m in Sources */ = {isa = PBXBuildFile; fileRef = 14F9A5201B6BB61D00E16AD5 /* MJRefreshFooter.m */; };
		14F9A5481B6BB61D00E16AD5 /* MJRefreshHeader.m in Sources */ = {isa = PBXBuildFile; fileRef = 14F9A5221B6BB61D00E16AD5 /* MJRefreshHeader.m */; };
		14F9A5491B6BB61D00E16AD5 /* MJRefreshAutoGifFooter.m in Sources */ = {isa = PBXBuildFile; fileRef = 14F9A5271B6BB61D00E16AD5 /* MJRefreshAutoGifFooter.m */; };
		14F9A54A1B6BB61D00E16AD5 /* MJRefreshAutoNormalFooter.m in Sources */ = {isa = PBXBuildFile; fileRef = 14F9A5291B6BB61D00E16AD5 /* MJRefreshAutoNormalFooter.m */; };
		14F9A54B1B6BB61D00E16AD5 /* MJRefreshAutoStateFooter.m in Sources */ = {isa = PBXBuildFile; fileRef = 14F9A52B1B6BB61D00E16AD5 /* MJRefreshAutoStateFooter.m */; };
		14F9A54C1B6BB61D00E16AD5 /* MJRefreshBackGifFooter.m in Sources */ = {isa = PBXBuildFile; fileRef = 14F9A52E1B6BB61D00E16AD5 /* MJRefreshBackGifFooter.m */; };
		14F9A54D1B6BB61D00E16AD5 /* MJRefreshBackNormalFooter.m in Sources */ = {isa = PBXBuildFile; fileRef = 14F9A5301B6BB61D00E16AD5 /* MJRefreshBackNormalFooter.m */; };
		14F9A54E1B6BB61D00E16AD5 /* MJRefreshBackStateFooter.m in Sources */ = {isa = PBXBuildFile; fileRef = 14F9A5321B6BB61D00E16AD5 /* MJRefreshBackStateFooter.m */; };
		14F9A54F1B6BB61D00E16AD5 /* MJRefreshGifHeader.m in Sources */ = {isa = PBXBuildFile; fileRef = 14F9A5351B6BB61D00E16AD5 /* MJRefreshGifHeader.m */; };
		14F9A5501B6BB61D00E16AD5 /* MJRefreshNormalHeader.m in Sources */ = {isa = PBXBuildFile; fileRef = 14F9A5371B6BB61D00E16AD5 /* MJRefreshNormalHeader.m */; };
		14F9A5511B6BB61D00E16AD5 /* MJRefreshStateHeader.m in Sources */ = {isa = PBXBuildFile; fileRef = 14F9A5391B6BB61D00E16AD5 /* MJRefreshStateHeader.m */; };
		14F9A5521B6BB61D00E16AD5 /* MJRefresh.bundle in Resources */ = {isa = PBXBuildFile; fileRef = 14F9A53A1B6BB61D00E16AD5 /* MJRefresh.bundle */; };
		14F9A5531B6BB61D00E16AD5 /* MJRefreshConst.m in Sources */ = {isa = PBXBuildFile; fileRef = 14F9A53D1B6BB61D00E16AD5 /* MJRefreshConst.m */; };
		14F9A5541B6BB61D00E16AD5 /* UIScrollView+MJExtension.m in Sources */ = {isa = PBXBuildFile; fileRef = 14F9A53F1B6BB61D00E16AD5 /* UIScrollView+MJExtension.m */; };
		14F9A5551B6BB61D00E16AD5 /* UIScrollView+MJRefresh.m in Sources */ = {isa = PBXBuildFile; fileRef = 14F9A5411B6BB61D00E16AD5 /* UIScrollView+MJRefresh.m */; };
		14F9A5561B6BB61D00E16AD5 /* UIView+MJExtension.m in Sources */ = {isa = PBXBuildFile; fileRef = 14F9A5431B6BB61D00E16AD5 /* UIView+MJExtension.m */; };
		14F9A55D1B6C6D2700E16AD5 /* ZJLQiubaiCell.m in Sources */ = {isa = PBXBuildFile; fileRef = 14F9A55C1B6C6D2700E16AD5 /* ZJLQiubaiCell.m */; };
		14F9A5601B6C92E400E16AD5 /* ZJLQiubaiFrame.m in Sources */ = {isa = PBXBuildFile; fileRef = 14F9A55F1B6C92E400E16AD5 /* ZJLQiubaiFrame.m */; };
/* End PBXBuildFile section */

/* Begin PBXContainerItemProxy section */
		145C69221B6A56440090E006 /* PBXContainerItemProxy */ = {
			isa = PBXContainerItemProxy;
			containerPortal = 145C69001B6A56440090E006 /* Project object */;
			proxyType = 1;
			remoteGlobalIDString = 145C69071B6A56440090E006;
			remoteInfo = qiubai;
		};
/* End PBXContainerItemProxy section */

/* Begin PBXFileReference section */
		145C69081B6A56440090E006 /* qiubai.app */ = {isa = PBXFileReference; explicitFileType = wrapper.application; includeInIndex = 0; path = qiubai.app; sourceTree = BUILT_PRODUCTS_DIR; };
		145C690C1B6A56440090E006 /* Info.plist */ = {isa = PBXFileReference; lastKnownFileType = text.plist.xml; path = Info.plist; sourceTree = "<group>"; };
		145C690D1B6A56440090E006 /* main.m */ = {isa = PBXFileReference; lastKnownFileType = sourcecode.c.objc; path = main.m; sourceTree = "<group>"; };
		145C690F1B6A56440090E006 /* AppDelegate.h */ = {isa = PBXFileReference; lastKnownFileType = sourcecode.c.h; path = AppDelegate.h; sourceTree = "<group>"; };
		145C69101B6A56440090E006 /* AppDelegate.m */ = {isa = PBXFileReference; lastKnownFileType = sourcecode.c.objc; path = AppDelegate.m; sourceTree = "<group>"; };
		145C69181B6A56440090E006 /* Images.xcassets */ = {isa = PBXFileReference; lastKnownFileType = folder.assetcatalog; path = Images.xcassets; sourceTree = "<group>"; };
		145C69211B6A56440090E006 /* qiubaiTests.xctest */ = {isa = PBXFileReference; explicitFileType = wrapper.cfbundle; includeInIndex = 0; path = qiubaiTests.xctest; sourceTree = BUILT_PRODUCTS_DIR; };
		145C69261B6A56440090E006 /* Info.plist */ = {isa = PBXFileReference; lastKnownFileType = text.plist.xml; path = Info.plist; sourceTree = "<group>"; };
		145C69271B6A56440090E006 /* qiubaiTests.m */ = {isa = PBXFileReference; lastKnownFileType = sourcecode.c.objc; path = qiubaiTests.m; sourceTree = "<group>"; };
		145C69331B6A5AF50090E006 /* HWNavigationController.h */ = {isa = PBXFileReference; fileEncoding = 4; lastKnownFileType = sourcecode.c.h; path = HWNavigationController.h; sourceTree = "<group>"; };
		145C69341B6A5AF50090E006 /* HWNavigationController.m */ = {isa = PBXFileReference; fileEncoding = 4; lastKnownFileType = sourcecode.c.objc; path = HWNavigationController.m; sourceTree = "<group>"; };
		145C69371B6A5B5D0090E006 /* NSDate+Extension.h */ = {isa = PBXFileReference; fileEncoding = 4; lastKnownFileType = sourcecode.c.h; path = "NSDate+Extension.h"; sourceTree = "<group>"; };
		145C69381B6A5B5D0090E006 /* NSDate+Extension.m */ = {isa = PBXFileReference; fileEncoding = 4; lastKnownFileType = sourcecode.c.objc; path = "NSDate+Extension.m"; sourceTree = "<group>"; };
		145C69391B6A5B5D0090E006 /* NSString+Extension.h */ = {isa = PBXFileReference; fileEncoding = 4; lastKnownFileType = sourcecode.c.h; path = "NSString+Extension.h"; sourceTree = "<group>"; };
		145C693A1B6A5B5D0090E006 /* NSString+Extension.m */ = {isa = PBXFileReference; fileEncoding = 4; lastKnownFileType = sourcecode.c.objc; path = "NSString+Extension.m"; sourceTree = "<group>"; };
		145C693B1B6A5B5D0090E006 /* UIBarButtonItem+Extension.h */ = {isa = PBXFileReference; fileEncoding = 4; lastKnownFileType = sourcecode.c.h; path = "UIBarButtonItem+Extension.h"; sourceTree = "<group>"; };
		145C693C1B6A5B5D0090E006 /* UIBarButtonItem+Extension.m */ = {isa = PBXFileReference; fileEncoding = 4; lastKnownFileType = sourcecode.c.objc; path = "UIBarButtonItem+Extension.m"; sourceTree = "<group>"; };
		145C693D1B6A5B5D0090E006 /* UIWindow+Extension.h */ = {isa = PBXFileReference; fileEncoding = 4; lastKnownFileType = sourcecode.c.h; path = "UIWindow+Extension.h"; sourceTree = "<group>"; };
		145C693E1B6A5B5D0090E006 /* UIWindow+Extension.m */ = {isa = PBXFileReference; fileEncoding = 4; lastKnownFileType = sourcecode.c.objc; path = "UIWindow+Extension.m"; sourceTree = "<group>"; };
		145C693F1B6A5B5D0090E006 /* Foundation+Log.m */ = {isa = PBXFileReference; fileEncoding = 4; lastKnownFileType = sourcecode.c.objc; path = "Foundation+Log.m"; sourceTree = "<group>"; };
		145C69401B6A5B5D0090E006 /* UIView+Extension.h */ = {isa = PBXFileReference; fileEncoding = 4; lastKnownFileType = sourcecode.c.h; path = "UIView+Extension.h"; sourceTree = "<group>"; };
		145C69411B6A5B5D0090E006 /* UIView+Extension.m */ = {isa = PBXFileReference; fileEncoding = 4; lastKnownFileType = sourcecode.c.objc; path = "UIView+Extension.m"; sourceTree = "<group>"; };
		145C69481B6A5C3B0090E006 /* Prefix.pch */ = {isa = PBXFileReference; lastKnownFileType = sourcecode.c.h; path = Prefix.pch; sourceTree = "<group>"; };
		145C694A1B6A5CAB0090E006 /* HWPlaceholderTextView.h */ = {isa = PBXFileReference; fileEncoding = 4; lastKnownFileType = sourcecode.c.h; path = HWPlaceholderTextView.h; sourceTree = "<group>"; };
		145C694B1B6A5CAB0090E006 /* HWPlaceholderTextView.m */ = {isa = PBXFileReference; fileEncoding = 4; lastKnownFileType = sourcecode.c.objc; path = HWPlaceholderTextView.m; sourceTree = "<group>"; };
		145C694C1B6A5CAB0090E006 /* HWDropdownMenu.h */ = {isa = PBXFileReference; fileEncoding = 4; lastKnownFileType = sourcecode.c.h; path = HWDropdownMenu.h; sourceTree = "<group>"; };
		145C694D1B6A5CAB0090E006 /* HWDropdownMenu.m */ = {isa = PBXFileReference; fileEncoding = 4; lastKnownFileType = sourcecode.c.objc; path = HWDropdownMenu.m; sourceTree = "<group>"; };
		145C694E1B6A5CAB0090E006 /* HWSearchBar.h */ = {isa = PBXFileReference; fileEncoding = 4; lastKnownFileType = sourcecode.c.h; path = HWSearchBar.h; sourceTree = "<group>"; };
		145C694F1B6A5CAB0090E006 /* HWSearchBar.m */ = {isa = PBXFileReference; fileEncoding = 4; lastKnownFileType = sourcecode.c.objc; path = HWSearchBar.m; sourceTree = "<group>"; };
		145C69501B6A5CAB0090E006 /* HWTabbar.h */ = {isa = PBXFileReference; fileEncoding = 4; lastKnownFileType = sourcecode.c.h; path = HWTabbar.h; sourceTree = "<group>"; };
		145C69511B6A5CAB0090E006 /* HWTabbar.m */ = {isa = PBXFileReference; fileEncoding = 4; lastKnownFileType = sourcecode.c.objc; path = HWTabbar.m; sourceTree = "<group>"; };
		145C695F1B6A60630090E006 /* ZJLTableViewController.h */ = {isa = PBXFileReference; fileEncoding = 4; lastKnownFileType = sourcecode.c.h; path = ZJLTableViewController.h; sourceTree = "<group>"; };
		145C69601B6A60630090E006 /* ZJLTableViewController.m */ = {isa = PBXFileReference; fileEncoding = 4; lastKnownFileType = sourcecode.c.objc; path = ZJLTableViewController.m; sourceTree = "<group>"; };
		14C76A431B6A6C79007A85C1 /* AFHTTPRequestOperation.h */ = {isa = PBXFileReference; fileEncoding = 4; lastKnownFileType = sourcecode.c.h; path = AFHTTPRequestOperation.h; sourceTree = "<group>"; };
		14C76A441B6A6C79007A85C1 /* AFHTTPRequestOperation.m */ = {isa = PBXFileReference; fileEncoding = 4; lastKnownFileType = sourcecode.c.objc; path = AFHTTPRequestOperation.m; sourceTree = "<group>"; };
		14C76A451B6A6C79007A85C1 /* AFHTTPRequestOperationManager.h */ = {isa = PBXFileReference; fileEncoding = 4; lastKnownFileType = sourcecode.c.h; path = AFHTTPRequestOperationManager.h; sourceTree = "<group>"; };
		14C76A461B6A6C79007A85C1 /* AFHTTPRequestOperationManager.m */ = {isa = PBXFileReference; fileEncoding = 4; lastKnownFileType = sourcecode.c.objc; path = AFHTTPRequestOperationManager.m; sourceTree = "<group>"; };
		14C76A471B6A6C79007A85C1 /* AFHTTPSessionManager.h */ = {isa = PBXFileReference; fileEncoding = 4; lastKnownFileType = sourcecode.c.h; path = AFHTTPSessionManager.h; sourceTree = "<group>"; };
		14C76A481B6A6C79007A85C1 /* AFHTTPSessionManager.m */ = {isa = PBXFileReference; fileEncoding = 4; lastKnownFileType = sourcecode.c.objc; path = AFHTTPSessionManager.m; sourceTree = "<group>"; };
		14C76A491B6A6C79007A85C1 /* AFNetworking.h */ = {isa = PBXFileReference; fileEncoding = 4; lastKnownFileType = sourcecode.c.h; path = AFNetworking.h; sourceTree = "<group>"; };
		14C76A4A1B6A6C79007A85C1 /* AFNetworkReachabilityManager.h */ = {isa = PBXFileReference; fileEncoding = 4; lastKnownFileType = sourcecode.c.h; path = AFNetworkReachabilityManager.h; sourceTree = "<group>"; };
		14C76A4B1B6A6C79007A85C1 /* AFNetworkReachabilityManager.m */ = {isa = PBXFileReference; fileEncoding = 4; lastKnownFileType = sourcecode.c.objc; path = AFNetworkReachabilityManager.m; sourceTree = "<group>"; };
		14C76A4C1B6A6C79007A85C1 /* AFSecurityPolicy.h */ = {isa = PBXFileReference; fileEncoding = 4; lastKnownFileType = sourcecode.c.h; path = AFSecurityPolicy.h; sourceTree = "<group>"; };
		14C76A4D1B6A6C79007A85C1 /* AFSecurityPolicy.m */ = {isa = PBXFileReference; fileEncoding = 4; lastKnownFileType = sourcecode.c.objc; path = AFSecurityPolicy.m; sourceTree = "<group>"; };
		14C76A4E1B6A6C79007A85C1 /* AFURLConnectionOperation.h */ = {isa = PBXFileReference; fileEncoding = 4; lastKnownFileType = sourcecode.c.h; path = AFURLConnectionOperation.h; sourceTree = "<group>"; };
		14C76A4F1B6A6C79007A85C1 /* AFURLConnectionOperation.m */ = {isa = PBXFileReference; fileEncoding = 4; lastKnownFileType = sourcecode.c.objc; path = AFURLConnectionOperation.m; sourceTree = "<group>"; };
		14C76A501B6A6C79007A85C1 /* AFURLRequestSerialization.h */ = {isa = PBXFileReference; fileEncoding = 4; lastKnownFileType = sourcecode.c.h; path = AFURLRequestSerialization.h; sourceTree = "<group>"; };
		14C76A511B6A6C79007A85C1 /* AFURLRequestSerialization.m */ = {isa = PBXFileReference; fileEncoding = 4; lastKnownFileType = sourcecode.c.objc; path = AFURLRequestSerialization.m; sourceTree = "<group>"; };
		14C76A521B6A6C79007A85C1 /* AFURLResponseSerialization.h */ = {isa = PBXFileReference; fileEncoding = 4; lastKnownFileType = sourcecode.c.h; path = AFURLResponseSerialization.h; sourceTree = "<group>"; };
		14C76A531B6A6C79007A85C1 /* AFURLResponseSerialization.m */ = {isa = PBXFileReference; fileEncoding = 4; lastKnownFileType = sourcecode.c.objc; path = AFURLResponseSerialization.m; sourceTree = "<group>"; };
		14C76A541B6A6C79007A85C1 /* AFURLSessionManager.h */ = {isa = PBXFileReference; fileEncoding = 4; lastKnownFileType = sourcecode.c.h; path = AFURLSessionManager.h; sourceTree = "<group>"; };
		14C76A551B6A6C79007A85C1 /* AFURLSessionManager.m */ = {isa = PBXFileReference; fileEncoding = 4; lastKnownFileType = sourcecode.c.objc; path = AFURLSessionManager.m; sourceTree = "<group>"; };
		14C76A571B6A6C79007A85C1 /* MBProgressHUD+MJ.h */ = {isa = PBXFileReference; fileEncoding = 4; lastKnownFileType = sourcecode.c.h; path = "MBProgressHUD+MJ.h"; sourceTree = "<group>"; };
		14C76A581B6A6C79007A85C1 /* MBProgressHUD+MJ.m */ = {isa = PBXFileReference; fileEncoding = 4; lastKnownFileType = sourcecode.c.objc; path = "MBProgressHUD+MJ.m"; sourceTree = "<group>"; };
		14C76A591B6A6C79007A85C1 /* MBProgressHUD.bundle */ = {isa = PBXFileReference; lastKnownFileType = "wrapper.plug-in"; path = MBProgressHUD.bundle; sourceTree = "<group>"; };
		14C76A5A1B6A6C79007A85C1 /* MBProgressHUD.h */ = {isa = PBXFileReference; fileEncoding = 4; lastKnownFileType = sourcecode.c.h; path = MBProgressHUD.h; sourceTree = "<group>"; };
		14C76A5B1B6A6C79007A85C1 /* MBProgressHUD.m */ = {isa = PBXFileReference; fileEncoding = 4; lastKnownFileType = sourcecode.c.objc; path = MBProgressHUD.m; sourceTree = "<group>"; };
		14C76A5D1B6A6C79007A85C1 /* MJArgument.h */ = {isa = PBXFileReference; fileEncoding = 4; lastKnownFileType = sourcecode.c.h; path = MJArgument.h; sourceTree = "<group>"; };
		14C76A5E1B6A6C79007A85C1 /* MJArgument.m */ = {isa = PBXFileReference; fileEncoding = 4; lastKnownFileType = sourcecode.c.objc; path = MJArgument.m; sourceTree = "<group>"; };
		14C76A5F1B6A6C79007A85C1 /* MJConst.h */ = {isa = PBXFileReference; fileEncoding = 4; lastKnownFileType = sourcecode.c.h; path = MJConst.h; sourceTree = "<group>"; };
		14C76A601B6A6C79007A85C1 /* MJConst.m */ = {isa = PBXFileReference; fileEncoding = 4; lastKnownFileType = sourcecode.c.objc; path = MJConst.m; sourceTree = "<group>"; };
		14C76A611B6A6C79007A85C1 /* MJExtension.h */ = {isa = PBXFileReference; fileEncoding = 4; lastKnownFileType = sourcecode.c.h; path = MJExtension.h; sourceTree = "<group>"; };
		14C76A621B6A6C79007A85C1 /* MJFoundation.h */ = {isa = PBXFileReference; fileEncoding = 4; lastKnownFileType = sourcecode.c.h; path = MJFoundation.h; sourceTree = "<group>"; };
		14C76A631B6A6C79007A85C1 /* MJFoundation.m */ = {isa = PBXFileReference; fileEncoding = 4; lastKnownFileType = sourcecode.c.objc; path = MJFoundation.m; sourceTree = "<group>"; };
		14C76A641B6A6C79007A85C1 /* MJIvar.h */ = {isa = PBXFileReference; fileEncoding = 4; lastKnownFileType = sourcecode.c.h; path = MJIvar.h; sourceTree = "<group>"; };
		14C76A651B6A6C79007A85C1 /* MJIvar.m */ = {isa = PBXFileReference; fileEncoding = 4; lastKnownFileType = sourcecode.c.objc; path = MJIvar.m; sourceTree = "<group>"; };
		14C76A661B6A6C79007A85C1 /* MJMember.h */ = {isa = PBXFileReference; fileEncoding = 4; lastKnownFileType = sourcecode.c.h; path = MJMember.h; sourceTree = "<group>"; };
		14C76A671B6A6C79007A85C1 /* MJMember.m */ = {isa = PBXFileReference; fileEncoding = 4; lastKnownFileType = sourcecode.c.objc; path = MJMember.m; sourceTree = "<group>"; };
		14C76A681B6A6C79007A85C1 /* MJMethod.h */ = {isa = PBXFileReference; fileEncoding = 4; lastKnownFileType = sourcecode.c.h; path = MJMethod.h; sourceTree = "<group>"; };
		14C76A691B6A6C79007A85C1 /* MJMethod.m */ = {isa = PBXFileReference; fileEncoding = 4; lastKnownFileType = sourcecode.c.objc; path = MJMethod.m; sourceTree = "<group>"; };
		14C76A6A1B6A6C79007A85C1 /* MJType.h */ = {isa = PBXFileReference; fileEncoding = 4; lastKnownFileType = sourcecode.c.h; path = MJType.h; sourceTree = "<group>"; };
		14C76A6B1B6A6C79007A85C1 /* MJType.m */ = {isa = PBXFileReference; fileEncoding = 4; lastKnownFileType = sourcecode.c.objc; path = MJType.m; sourceTree = "<group>"; };
		14C76A6C1B6A6C79007A85C1 /* MJTypeEncoding.h */ = {isa = PBXFileReference; fileEncoding = 4; lastKnownFileType = sourcecode.c.h; path = MJTypeEncoding.h; sourceTree = "<group>"; };
		14C76A6D1B6A6C79007A85C1 /* MJTypeEncoding.m */ = {isa = PBXFileReference; fileEncoding = 4; lastKnownFileType = sourcecode.c.objc; path = MJTypeEncoding.m; sourceTree = "<group>"; };
		14C76A6E1B6A6C79007A85C1 /* NSObject+MJCoding.h */ = {isa = PBXFileReference; fileEncoding = 4; lastKnownFileType = sourcecode.c.h; path = "NSObject+MJCoding.h"; sourceTree = "<group>"; };
		14C76A6F1B6A6C79007A85C1 /* NSObject+MJCoding.m */ = {isa = PBXFileReference; fileEncoding = 4; lastKnownFileType = sourcecode.c.objc; path = "NSObject+MJCoding.m"; sourceTree = "<group>"; };
		14C76A701B6A6C79007A85C1 /* NSObject+MJKeyValue.h */ = {isa = PBXFileReference; fileEncoding = 4; lastKnownFileType = sourcecode.c.h; path = "NSObject+MJKeyValue.h"; sourceTree = "<group>"; };
		14C76A711B6A6C79007A85C1 /* NSObject+MJKeyValue.m */ = {isa = PBXFileReference; fileEncoding = 4; lastKnownFileType = sourcecode.c.objc; path = "NSObject+MJKeyValue.m"; sourceTree = "<group>"; };
		14C76A721B6A6C79007A85C1 /* NSObject+MJMember.h */ = {isa = PBXFileReference; fileEncoding = 4; lastKnownFileType = sourcecode.c.h; path = "NSObject+MJMember.h"; sourceTree = "<group>"; };
		14C76A731B6A6C79007A85C1 /* NSObject+MJMember.m */ = {isa = PBXFileReference; fileEncoding = 4; lastKnownFileType = sourcecode.c.objc; path = "NSObject+MJMember.m"; sourceTree = "<group>"; };
		14C76A751B6A6C79007A85C1 /* MKAnnotationView+WebCache.h */ = {isa = PBXFileReference; fileEncoding = 4; lastKnownFileType = sourcecode.c.h; path = "MKAnnotationView+WebCache.h"; sourceTree = "<group>"; };
		14C76A761B6A6C79007A85C1 /* MKAnnotationView+WebCache.m */ = {isa = PBXFileReference; fileEncoding = 4; lastKnownFileType = sourcecode.c.objc; path = "MKAnnotationView+WebCache.m"; sourceTree = "<group>"; };
		14C76A771B6A6C79007A85C1 /* NSData+ImageContentType.h */ = {isa = PBXFileReference; fileEncoding = 4; lastKnownFileType = sourcecode.c.h; path = "NSData+ImageContentType.h"; sourceTree = "<group>"; };
		14C76A781B6A6C79007A85C1 /* NSData+ImageContentType.m */ = {isa = PBXFileReference; fileEncoding = 4; lastKnownFileType = sourcecode.c.objc; path = "NSData+ImageContentType.m"; sourceTree = "<group>"; };
		14C76A791B6A6C79007A85C1 /* SDImageCache.h */ = {isa = PBXFileReference; fileEncoding = 4; lastKnownFileType = sourcecode.c.h; path = SDImageCache.h; sourceTree = "<group>"; };
		14C76A7A1B6A6C79007A85C1 /* SDImageCache.m */ = {isa = PBXFileReference; fileEncoding = 4; lastKnownFileType = sourcecode.c.objc; path = SDImageCache.m; sourceTree = "<group>"; };
		14C76A7B1B6A6C79007A85C1 /* SDWebImageCompat.h */ = {isa = PBXFileReference; fileEncoding = 4; lastKnownFileType = sourcecode.c.h; path = SDWebImageCompat.h; sourceTree = "<group>"; };
		14C76A7C1B6A6C79007A85C1 /* SDWebImageCompat.m */ = {isa = PBXFileReference; fileEncoding = 4; lastKnownFileType = sourcecode.c.objc; path = SDWebImageCompat.m; sourceTree = "<group>"; };
		14C76A7D1B6A6C79007A85C1 /* SDWebImageDecoder.h */ = {isa = PBXFileReference; fileEncoding = 4; lastKnownFileType = sourcecode.c.h; path = SDWebImageDecoder.h; sourceTree = "<group>"; };
		14C76A7E1B6A6C79007A85C1 /* SDWebImageDecoder.m */ = {isa = PBXFileReference; fileEncoding = 4; lastKnownFileType = sourcecode.c.objc; path = SDWebImageDecoder.m; sourceTree = "<group>"; };
		14C76A7F1B6A6C79007A85C1 /* SDWebImageDownloader.h */ = {isa = PBXFileReference; fileEncoding = 4; lastKnownFileType = sourcecode.c.h; path = SDWebImageDownloader.h; sourceTree = "<group>"; };
		14C76A801B6A6C79007A85C1 /* SDWebImageDownloader.m */ = {isa = PBXFileReference; fileEncoding = 4; lastKnownFileType = sourcecode.c.objc; path = SDWebImageDownloader.m; sourceTree = "<group>"; };
		14C76A811B6A6C79007A85C1 /* SDWebImageDownloaderOperation.h */ = {isa = PBXFileReference; fileEncoding = 4; lastKnownFileType = sourcecode.c.h; path = SDWebImageDownloaderOperation.h; sourceTree = "<group>"; };
		14C76A821B6A6C79007A85C1 /* SDWebImageDownloaderOperation.m */ = {isa = PBXFileReference; fileEncoding = 4; lastKnownFileType = sourcecode.c.objc; path = SDWebImageDownloaderOperation.m; sourceTree = "<group>"; };
		14C76A831B6A6C79007A85C1 /* SDWebImageManager.h */ = {isa = PBXFileReference; fileEncoding = 4; lastKnownFileType = sourcecode.c.h; path = SDWebImageManager.h; sourceTree = "<group>"; };
		14C76A841B6A6C79007A85C1 /* SDWebImageManager.m */ = {isa = PBXFileReference; fileEncoding = 4; lastKnownFileType = sourcecode.c.objc; path = SDWebImageManager.m; sourceTree = "<group>"; };
		14C76A851B6A6C79007A85C1 /* SDWebImageOperation.h */ = {isa = PBXFileReference; fileEncoding = 4; lastKnownFileType = sourcecode.c.h; path = SDWebImageOperation.h; sourceTree = "<group>"; };
		14C76A861B6A6C79007A85C1 /* SDWebImagePrefetcher.h */ = {isa = PBXFileReference; fileEncoding = 4; lastKnownFileType = sourcecode.c.h; path = SDWebImagePrefetcher.h; sourceTree = "<group>"; };
		14C76A871B6A6C79007A85C1 /* SDWebImagePrefetcher.m */ = {isa = PBXFileReference; fileEncoding = 4; lastKnownFileType = sourcecode.c.objc; path = SDWebImagePrefetcher.m; sourceTree = "<group>"; };
		14C76A881B6A6C79007A85C1 /* UIButton+WebCache.h */ = {isa = PBXFileReference; fileEncoding = 4; lastKnownFileType = sourcecode.c.h; path = "UIButton+WebCache.h"; sourceTree = "<group>"; };
		14C76A891B6A6C79007A85C1 /* UIButton+WebCache.m */ = {isa = PBXFileReference; fileEncoding = 4; lastKnownFileType = sourcecode.c.objc; path = "UIButton+WebCache.m"; sourceTree = "<group>"; };
		14C76A8A1B6A6C79007A85C1 /* UIImage+GIF.h */ = {isa = PBXFileReference; fileEncoding = 4; lastKnownFileType = sourcecode.c.h; path = "UIImage+GIF.h"; sourceTree = "<group>"; };
		14C76A8B1B6A6C79007A85C1 /* UIImage+GIF.m */ = {isa = PBXFileReference; fileEncoding = 4; lastKnownFileType = sourcecode.c.objc; path = "UIImage+GIF.m"; sourceTree = "<group>"; };
		14C76A8C1B6A6C79007A85C1 /* UIImage+MultiFormat.h */ = {isa = PBXFileReference; fileEncoding = 4; lastKnownFileType = sourcecode.c.h; path = "UIImage+MultiFormat.h"; sourceTree = "<group>"; };
		14C76A8D1B6A6C79007A85C1 /* UIImage+MultiFormat.m */ = {isa = PBXFileReference; fileEncoding = 4; lastKnownFileType = sourcecode.c.objc; path = "UIImage+MultiFormat.m"; sourceTree = "<group>"; };
		14C76A8E1B6A6C79007A85C1 /* UIImage+WebP.h */ = {isa = PBXFileReference; fileEncoding = 4; lastKnownFileType = sourcecode.c.h; path = "UIImage+WebP.h"; sourceTree = "<group>"; };
		14C76A8F1B6A6C79007A85C1 /* UIImage+WebP.m */ = {isa = PBXFileReference; fileEncoding = 4; lastKnownFileType = sourcecode.c.objc; path = "UIImage+WebP.m"; sourceTree = "<group>"; };
		14C76A901B6A6C79007A85C1 /* UIImageView+HighlightedWebCache.h */ = {isa = PBXFileReference; fileEncoding = 4; lastKnownFileType = sourcecode.c.h; path = "UIImageView+HighlightedWebCache.h"; sourceTree = "<group>"; };
		14C76A911B6A6C79007A85C1 /* UIImageView+HighlightedWebCache.m */ = {isa = PBXFileReference; fileEncoding = 4; lastKnownFileType = sourcecode.c.objc; path = "UIImageView+HighlightedWebCache.m"; sourceTree = "<group>"; };
		14C76A921B6A6C79007A85C1 /* UIImageView+WebCache.h */ = {isa = PBXFileReference; fileEncoding = 4; lastKnownFileType = sourcecode.c.h; path = "UIImageView+WebCache.h"; sourceTree = "<group>"; };
		14C76A931B6A6C79007A85C1 /* UIImageView+WebCache.m */ = {isa = PBXFileReference; fileEncoding = 4; lastKnownFileType = sourcecode.c.objc; path = "UIImageView+WebCache.m"; sourceTree = "<group>"; };
		14C76A941B6A6C79007A85C1 /* UIView+WebCacheOperation.h */ = {isa = PBXFileReference; fileEncoding = 4; lastKnownFileType = sourcecode.c.h; path = "UIView+WebCacheOperation.h"; sourceTree = "<group>"; };
		14C76A951B6A6C79007A85C1 /* UIView+WebCacheOperation.m */ = {isa = PBXFileReference; fileEncoding = 4; lastKnownFileType = sourcecode.c.objc; path = "UIView+WebCacheOperation.m"; sourceTree = "<group>"; };
		14C76ABE1B6B9D00007A85C1 /* ZJLUser.h */ = {isa = PBXFileReference; fileEncoding = 4; lastKnownFileType = sourcecode.c.h; path = ZJLUser.h; sourceTree = "<group>"; };
		14C76ABF1B6B9D00007A85C1 /* ZJLUser.m */ = {isa = PBXFileReference; fileEncoding = 4; lastKnownFileType = sourcecode.c.objc; path = ZJLUser.m; sourceTree = "<group>"; };
		14C76AC11B6B9D16007A85C1 /* ZJLQiubai.h */ = {isa = PBXFileReference; fileEncoding = 4; lastKnownFileType = sourcecode.c.h; path = ZJLQiubai.h; sourceTree = "<group>"; };
		14C76AC21B6B9D16007A85C1 /* ZJLQiubai.m */ = {isa = PBXFileReference; fileEncoding = 4; lastKnownFileType = sourcecode.c.objc; path = ZJLQiubai.m; sourceTree = "<group>"; };
		14F9A5191B6BB61D00E16AD5 /* MJRefreshAutoFooter.h */ = {isa = PBXFileReference; fileEncoding = 4; lastKnownFileType = sourcecode.c.h; path = MJRefreshAutoFooter.h; sourceTree = "<group>"; };
		14F9A51A1B6BB61D00E16AD5 /* MJRefreshAutoFooter.m */ = {isa = PBXFileReference; fileEncoding = 4; lastKnownFileType = sourcecode.c.objc; path = MJRefreshAutoFooter.m; sourceTree = "<group>"; };
		14F9A51B1B6BB61D00E16AD5 /* MJRefreshBackFooter.h */ = {isa = PBXFileReference; fileEncoding = 4; lastKnownFileType = sourcecode.c.h; path = MJRefreshBackFooter.h; sourceTree = "<group>"; };
		14F9A51C1B6BB61D00E16AD5 /* MJRefreshBackFooter.m */ = {isa = PBXFileReference; fileEncoding = 4; lastKnownFileType = sourcecode.c.objc; path = MJRefreshBackFooter.m; sourceTree = "<group>"; };
		14F9A51D1B6BB61D00E16AD5 /* MJRefreshComponent.h */ = {isa = PBXFileReference; fileEncoding = 4; lastKnownFileType = sourcecode.c.h; path = MJRefreshComponent.h; sourceTree = "<group>"; };
		14F9A51E1B6BB61D00E16AD5 /* MJRefreshComponent.m */ = {isa = PBXFileReference; fileEncoding = 4; lastKnownFileType = sourcecode.c.objc; path = MJRefreshComponent.m; sourceTree = "<group>"; };
		14F9A51F1B6BB61D00E16AD5 /* MJRefreshFooter.h */ = {isa = PBXFileReference; fileEncoding = 4; lastKnownFileType = sourcecode.c.h; path = MJRefreshFooter.h; sourceTree = "<group>"; };
		14F9A5201B6BB61D00E16AD5 /* MJRefreshFooter.m */ = {isa = PBXFileReference; fileEncoding = 4; lastKnownFileType = sourcecode.c.objc; path = MJRefreshFooter.m; sourceTree = "<group>"; };
		14F9A5211B6BB61D00E16AD5 /* MJRefreshHeader.h */ = {isa = PBXFileReference; fileEncoding = 4; lastKnownFileType = sourcecode.c.h; path = MJRefreshHeader.h; sourceTree = "<group>"; };
		14F9A5221B6BB61D00E16AD5 /* MJRefreshHeader.m */ = {isa = PBXFileReference; fileEncoding = 4; lastKnownFileType = sourcecode.c.objc; path = MJRefreshHeader.m; sourceTree = "<group>"; };
		14F9A5261B6BB61D00E16AD5 /* MJRefreshAutoGifFooter.h */ = {isa = PBXFileReference; fileEncoding = 4; lastKnownFileType = sourcecode.c.h; path = MJRefreshAutoGifFooter.h; sourceTree = "<group>"; };
		14F9A5271B6BB61D00E16AD5 /* MJRefreshAutoGifFooter.m */ = {isa = PBXFileReference; fileEncoding = 4; lastKnownFileType = sourcecode.c.objc; path = MJRefreshAutoGifFooter.m; sourceTree = "<group>"; };
		14F9A5281B6BB61D00E16AD5 /* MJRefreshAutoNormalFooter.h */ = {isa = PBXFileReference; fileEncoding = 4; lastKnownFileType = sourcecode.c.h; path = MJRefreshAutoNormalFooter.h; sourceTree = "<group>"; };
		14F9A5291B6BB61D00E16AD5 /* MJRefreshAutoNormalFooter.m */ = {isa = PBXFileReference; fileEncoding = 4; lastKnownFileType = sourcecode.c.objc; path = MJRefreshAutoNormalFooter.m; sourceTree = "<group>"; };
		14F9A52A1B6BB61D00E16AD5 /* MJRefreshAutoStateFooter.h */ = {isa = PBXFileReference; fileEncoding = 4; lastKnownFileType = sourcecode.c.h; path = MJRefreshAutoStateFooter.h; sourceTree = "<group>"; };
		14F9A52B1B6BB61D00E16AD5 /* MJRefreshAutoStateFooter.m */ = {isa = PBXFileReference; fileEncoding = 4; lastKnownFileType = sourcecode.c.objc; path = MJRefreshAutoStateFooter.m; sourceTree = "<group>"; };
		14F9A52D1B6BB61D00E16AD5 /* MJRefreshBackGifFooter.h */ = {isa = PBXFileReference; fileEncoding = 4; lastKnownFileType = sourcecode.c.h; path = MJRefreshBackGifFooter.h; sourceTree = "<group>"; };
		14F9A52E1B6BB61D00E16AD5 /* MJRefreshBackGifFooter.m */ = {isa = PBXFileReference; fileEncoding = 4; lastKnownFileType = sourcecode.c.objc; path = MJRefreshBackGifFooter.m; sourceTree = "<group>"; };
		14F9A52F1B6BB61D00E16AD5 /* MJRefreshBackNormalFooter.h */ = {isa = PBXFileReference; fileEncoding = 4; lastKnownFileType = sourcecode.c.h; path = MJRefreshBackNormalFooter.h; sourceTree = "<group>"; };
		14F9A5301B6BB61D00E16AD5 /* MJRefreshBackNormalFooter.m */ = {isa = PBXFileReference; fileEncoding = 4; lastKnownFileType = sourcecode.c.objc; path = MJRefreshBackNormalFooter.m; sourceTree = "<group>"; };
		14F9A5311B6BB61D00E16AD5 /* MJRefreshBackStateFooter.h */ = {isa = PBXFileReference; fileEncoding = 4; lastKnownFileType = sourcecode.c.h; path = MJRefreshBackStateFooter.h; sourceTree = "<group>"; };
		14F9A5321B6BB61D00E16AD5 /* MJRefreshBackStateFooter.m */ = {isa = PBXFileReference; fileEncoding = 4; lastKnownFileType = sourcecode.c.objc; path = MJRefreshBackStateFooter.m; sourceTree = "<group>"; };
		14F9A5341B6BB61D00E16AD5 /* MJRefreshGifHeader.h */ = {isa = PBXFileReference; fileEncoding = 4; lastKnownFileType = sourcecode.c.h; path = MJRefreshGifHeader.h; sourceTree = "<group>"; };
		14F9A5351B6BB61D00E16AD5 /* MJRefreshGifHeader.m */ = {isa = PBXFileReference; fileEncoding = 4; lastKnownFileType = sourcecode.c.objc; path = MJRefreshGifHeader.m; sourceTree = "<group>"; };
		14F9A5361B6BB61D00E16AD5 /* MJRefreshNormalHeader.h */ = {isa = PBXFileReference; fileEncoding = 4; lastKnownFileType = sourcecode.c.h; path = MJRefreshNormalHeader.h; sourceTree = "<group>"; };
		14F9A5371B6BB61D00E16AD5 /* MJRefreshNormalHeader.m */ = {isa = PBXFileReference; fileEncoding = 4; lastKnownFileType = sourcecode.c.objc; path = MJRefreshNormalHeader.m; sourceTree = "<group>"; };
		14F9A5381B6BB61D00E16AD5 /* MJRefreshStateHeader.h */ = {isa = PBXFileReference; fileEncoding = 4; lastKnownFileType = sourcecode.c.h; path = MJRefreshStateHeader.h; sourceTree = "<group>"; };
		14F9A5391B6BB61D00E16AD5 /* MJRefreshStateHeader.m */ = {isa = PBXFileReference; fileEncoding = 4; lastKnownFileType = sourcecode.c.objc; path = MJRefreshStateHeader.m; sourceTree = "<group>"; };
		14F9A53A1B6BB61D00E16AD5 /* MJRefresh.bundle */ = {isa = PBXFileReference; lastKnownFileType = "wrapper.plug-in"; path = MJRefresh.bundle; sourceTree = "<group>"; };
		14F9A53B1B6BB61D00E16AD5 /* MJRefresh.h */ = {isa = PBXFileReference; fileEncoding = 4; lastKnownFileType = sourcecode.c.h; path = MJRefresh.h; sourceTree = "<group>"; };
		14F9A53C1B6BB61D00E16AD5 /* MJRefreshConst.h */ = {isa = PBXFileReference; fileEncoding = 4; lastKnownFileType = sourcecode.c.h; path = MJRefreshConst.h; sourceTree = "<group>"; };
		14F9A53D1B6BB61D00E16AD5 /* MJRefreshConst.m */ = {isa = PBXFileReference; fileEncoding = 4; lastKnownFileType = sourcecode.c.objc; path = MJRefreshConst.m; sourceTree = "<group>"; };
		14F9A53E1B6BB61D00E16AD5 /* UIScrollView+MJExtension.h */ = {isa = PBXFileReference; fileEncoding = 4; lastKnownFileType = sourcecode.c.h; path = "UIScrollView+MJExtension.h"; sourceTree = "<group>"; };
		14F9A53F1B6BB61D00E16AD5 /* UIScrollView+MJExtension.m */ = {isa = PBXFileReference; fileEncoding = 4; lastKnownFileType = sourcecode.c.objc; path = "UIScrollView+MJExtension.m"; sourceTree = "<group>"; };
		14F9A5401B6BB61D00E16AD5 /* UIScrollView+MJRefresh.h */ = {isa = PBXFileReference; fileEncoding = 4; lastKnownFileType = sourcecode.c.h; path = "UIScrollView+MJRefresh.h"; sourceTree = "<group>"; };
		14F9A5411B6BB61D00E16AD5 /* UIScrollView+MJRefresh.m */ = {isa = PBXFileReference; fileEncoding = 4; lastKnownFileType = sourcecode.c.objc; path = "UIScrollView+MJRefresh.m"; sourceTree = "<group>"; };
		14F9A5421B6BB61D00E16AD5 /* UIView+MJExtension.h */ = {isa = PBXFileReference; fileEncoding = 4; lastKnownFileType = sourcecode.c.h; path = "UIView+MJExtension.h"; sourceTree = "<group>"; };
		14F9A5431B6BB61D00E16AD5 /* UIView+MJExtension.m */ = {isa = PBXFileReference; fileEncoding = 4; lastKnownFileType = sourcecode.c.objc; path = "UIView+MJExtension.m"; sourceTree = "<group>"; };
		14F9A55B1B6C6D2700E16AD5 /* ZJLQiubaiCell.h */ = {isa = PBXFileReference; fileEncoding = 4; lastKnownFileType = sourcecode.c.h; name = ZJLQiubaiCell.h; path = ../../../../../../../Documents/ZJLQiubaiCell.h; sourceTree = "<group>"; };
		14F9A55C1B6C6D2700E16AD5 /* ZJLQiubaiCell.m */ = {isa = PBXFileReference; fileEncoding = 4; lastKnownFileType = sourcecode.c.objc; name = ZJLQiubaiCell.m; path = ../../../../../../../Documents/ZJLQiubaiCell.m; sourceTree = "<group>"; };
		14F9A55E1B6C92E400E16AD5 /* ZJLQiubaiFrame.h */ = {isa = PBXFileReference; fileEncoding = 4; lastKnownFileType = sourcecode.c.h; path = ZJLQiubaiFrame.h; sourceTree = "<group>"; };
		14F9A55F1B6C92E400E16AD5 /* ZJLQiubaiFrame.m */ = {isa = PBXFileReference; fileEncoding = 4; lastKnownFileType = sourcecode.c.objc; path = ZJLQiubaiFrame.m; sourceTree = "<group>"; };
/* End PBXFileReference section */

/* Begin PBXFrameworksBuildPhase section */
		145C69051B6A56440090E006 /* Frameworks */ = {
			isa = PBXFrameworksBuildPhase;
			buildActionMask = 2147483647;
			files = (
			);
			runOnlyForDeploymentPostprocessing = 0;
		};
		145C691E1B6A56440090E006 /* Frameworks */ = {
			isa = PBXFrameworksBuildPhase;
			buildActionMask = 2147483647;
			files = (
			);
			runOnlyForDeploymentPostprocessing = 0;
		};
/* End PBXFrameworksBuildPhase section */

/* Begin PBXGroup section */
		145C68FF1B6A56440090E006 = {
			isa = PBXGroup;
			children = (
				145C690A1B6A56440090E006 /* qiubai */,
				145C69241B6A56440090E006 /* qiubaiTests */,
				145C69091B6A56440090E006 /* Products */,
			);
			sourceTree = "<group>";
		};
		145C69091B6A56440090E006 /* Products */ = {
			isa = PBXGroup;
			children = (
				145C69081B6A56440090E006 /* qiubai.app */,
				145C69211B6A56440090E006 /* qiubaiTests.xctest */,
			);
			name = Products;
			sourceTree = "<group>";
		};
		145C690A1B6A56440090E006 /* qiubai */ = {
			isa = PBXGroup;
			children = (
				145C695D1B6A60100090E006 /* Onlyword */,
				145C69311B6A5A890090E006 /* Main */,
				145C690F1B6A56440090E006 /* AppDelegate.h */,
				145C69101B6A56440090E006 /* AppDelegate.m */,
				145C69181B6A56440090E006 /* Images.xcassets */,
				145C690B1B6A56440090E006 /* Supporting Files */,
			);
			path = qiubai;
			sourceTree = "<group>";
		};
		145C690B1B6A56440090E006 /* Supporting Files */ = {
			isa = PBXGroup;
			children = (
				145C690C1B6A56440090E006 /* Info.plist */,
				145C69481B6A5C3B0090E006 /* Prefix.pch */,
				145C690D1B6A56440090E006 /* main.m */,
			);
			name = "Supporting Files";
			sourceTree = "<group>";
		};
		145C69241B6A56440090E006 /* qiubaiTests */ = {
			isa = PBXGroup;
			children = (
				145C69271B6A56440090E006 /* qiubaiTests.m */,
				145C69251B6A56440090E006 /* Supporting Files */,
			);
			path = qiubaiTests;
			sourceTree = "<group>";
		};
		145C69251B6A56440090E006 /* Supporting Files */ = {
			isa = PBXGroup;
			children = (
				145C69261B6A56440090E006 /* Info.plist */,
			);
			name = "Supporting Files";
			sourceTree = "<group>";
		};
		145C69311B6A5A890090E006 /* Main */ = {
			isa = PBXGroup;
			children = (
				14C76A411B6A6C79007A85C1 /* Lib */,
				145C69491B6A5C9C0090E006 /* View */,
				145C69361B6A5B430090E006 /* Category */,
				145C69321B6A5A890090E006 /* Controller */,
			);
			path = Main;
			sourceTree = "<group>";
		};
		145C69321B6A5A890090E006 /* Controller */ = {
			isa = PBXGroup;
			children = (
				145C69331B6A5AF50090E006 /* HWNavigationController.h */,
				145C69341B6A5AF50090E006 /* HWNavigationController.m */,
			);
			path = Controller;
			sourceTree = "<group>";
		};
		145C69361B6A5B430090E006 /* Category */ = {
			isa = PBXGroup;
			children = (
				145C69371B6A5B5D0090E006 /* NSDate+Extension.h */,
				145C69381B6A5B5D0090E006 /* NSDate+Extension.m */,
				145C69391B6A5B5D0090E006 /* NSString+Extension.h */,
				145C693A1B6A5B5D0090E006 /* NSString+Extension.m */,
				145C693B1B6A5B5D0090E006 /* UIBarButtonItem+Extension.h */,
				145C693C1B6A5B5D0090E006 /* UIBarButtonItem+Extension.m */,
				145C693D1B6A5B5D0090E006 /* UIWindow+Extension.h */,
				145C693E1B6A5B5D0090E006 /* UIWindow+Extension.m */,
				145C693F1B6A5B5D0090E006 /* Foundation+Log.m */,
				145C69401B6A5B5D0090E006 /* UIView+Extension.h */,
				145C69411B6A5B5D0090E006 /* UIView+Extension.m */,
			);
			path = Category;
			sourceTree = "<group>";
		};
		145C69491B6A5C9C0090E006 /* View */ = {
			isa = PBXGroup;
			children = (
				145C694A1B6A5CAB0090E006 /* HWPlaceholderTextView.h */,
				145C694B1B6A5CAB0090E006 /* HWPlaceholderTextView.m */,
				145C694C1B6A5CAB0090E006 /* HWDropdownMenu.h */,
				145C694D1B6A5CAB0090E006 /* HWDropdownMenu.m */,
				145C694E1B6A5CAB0090E006 /* HWSearchBar.h */,
				145C694F1B6A5CAB0090E006 /* HWSearchBar.m */,
				145C69501B6A5CAB0090E006 /* HWTabbar.h */,
				145C69511B6A5CAB0090E006 /* HWTabbar.m */,
			);
			path = View;
			sourceTree = "<group>";
		};
		145C695D1B6A60100090E006 /* Onlyword */ = {
			isa = PBXGroup;
			children = (
				14F9A5571B6C6C7D00E16AD5 /* View */,
				14C76ABD1B6B9CCD007A85C1 /* Model */,
				145C695E1B6A602A0090E006 /* Controller */,
			);
			path = Onlyword;
			sourceTree = "<group>";
		};
		145C695E1B6A602A0090E006 /* Controller */ = {
			isa = PBXGroup;
			children = (
				145C695F1B6A60630090E006 /* ZJLTableViewController.h */,
				145C69601B6A60630090E006 /* ZJLTableViewController.m */,
			);
			path = Controller;
			sourceTree = "<group>";
		};
		14C76A411B6A6C79007A85C1 /* Lib */ = {
			isa = PBXGroup;
			children = (
				14F9A5171B6BB61D00E16AD5 /* MJRefresh */,
				14C76A421B6A6C79007A85C1 /* AFNetworking */,
				14C76A561B6A6C79007A85C1 /* MBProgressHUD */,
				14C76A5C1B6A6C79007A85C1 /* MJExtension */,
				14C76A741B6A6C79007A85C1 /* SDWebImage */,
			);
			path = Lib;
			sourceTree = "<group>";
		};
		14C76A421B6A6C79007A85C1 /* AFNetworking */ = {
			isa = PBXGroup;
			children = (
				14C76A431B6A6C79007A85C1 /* AFHTTPRequestOperation.h */,
				14C76A441B6A6C79007A85C1 /* AFHTTPRequestOperation.m */,
				14C76A451B6A6C79007A85C1 /* AFHTTPRequestOperationManager.h */,
				14C76A461B6A6C79007A85C1 /* AFHTTPRequestOperationManager.m */,
				14C76A471B6A6C79007A85C1 /* AFHTTPSessionManager.h */,
				14C76A481B6A6C79007A85C1 /* AFHTTPSessionManager.m */,
				14C76A491B6A6C79007A85C1 /* AFNetworking.h */,
				14C76A4A1B6A6C79007A85C1 /* AFNetworkReachabilityManager.h */,
				14C76A4B1B6A6C79007A85C1 /* AFNetworkReachabilityManager.m */,
				14C76A4C1B6A6C79007A85C1 /* AFSecurityPolicy.h */,
				14C76A4D1B6A6C79007A85C1 /* AFSecurityPolicy.m */,
				14C76A4E1B6A6C79007A85C1 /* AFURLConnectionOperation.h */,
				14C76A4F1B6A6C79007A85C1 /* AFURLConnectionOperation.m */,
				14C76A501B6A6C79007A85C1 /* AFURLRequestSerialization.h */,
				14C76A511B6A6C79007A85C1 /* AFURLRequestSerialization.m */,
				14C76A521B6A6C79007A85C1 /* AFURLResponseSerialization.h */,
				14C76A531B6A6C79007A85C1 /* AFURLResponseSerialization.m */,
				14C76A541B6A6C79007A85C1 /* AFURLSessionManager.h */,
				14C76A551B6A6C79007A85C1 /* AFURLSessionManager.m */,
			);
			path = AFNetworking;
			sourceTree = "<group>";
		};
		14C76A561B6A6C79007A85C1 /* MBProgressHUD */ = {
			isa = PBXGroup;
			children = (
				14C76A571B6A6C79007A85C1 /* MBProgressHUD+MJ.h */,
				14C76A581B6A6C79007A85C1 /* MBProgressHUD+MJ.m */,
				14C76A591B6A6C79007A85C1 /* MBProgressHUD.bundle */,
				14C76A5A1B6A6C79007A85C1 /* MBProgressHUD.h */,
				14C76A5B1B6A6C79007A85C1 /* MBProgressHUD.m */,
			);
			path = MBProgressHUD;
			sourceTree = "<group>";
		};
		14C76A5C1B6A6C79007A85C1 /* MJExtension */ = {
			isa = PBXGroup;
			children = (
				14C76A5D1B6A6C79007A85C1 /* MJArgument.h */,
				14C76A5E1B6A6C79007A85C1 /* MJArgument.m */,
				14C76A5F1B6A6C79007A85C1 /* MJConst.h */,
				14C76A601B6A6C79007A85C1 /* MJConst.m */,
				14C76A611B6A6C79007A85C1 /* MJExtension.h */,
				14C76A621B6A6C79007A85C1 /* MJFoundation.h */,
				14C76A631B6A6C79007A85C1 /* MJFoundation.m */,
				14C76A641B6A6C79007A85C1 /* MJIvar.h */,
				14C76A651B6A6C79007A85C1 /* MJIvar.m */,
				14C76A661B6A6C79007A85C1 /* MJMember.h */,
				14C76A671B6A6C79007A85C1 /* MJMember.m */,
				14C76A681B6A6C79007A85C1 /* MJMethod.h */,
				14C76A691B6A6C79007A85C1 /* MJMethod.m */,
				14C76A6A1B6A6C79007A85C1 /* MJType.h */,
				14C76A6B1B6A6C79007A85C1 /* MJType.m */,
				14C76A6C1B6A6C79007A85C1 /* MJTypeEncoding.h */,
				14C76A6D1B6A6C79007A85C1 /* MJTypeEncoding.m */,
				14C76A6E1B6A6C79007A85C1 /* NSObject+MJCoding.h */,
				14C76A6F1B6A6C79007A85C1 /* NSObject+MJCoding.m */,
				14C76A701B6A6C79007A85C1 /* NSObject+MJKeyValue.h */,
				14C76A711B6A6C79007A85C1 /* NSObject+MJKeyValue.m */,
				14C76A721B6A6C79007A85C1 /* NSObject+MJMember.h */,
				14C76A731B6A6C79007A85C1 /* NSObject+MJMember.m */,
			);
			path = MJExtension;
			sourceTree = "<group>";
		};
		14C76A741B6A6C79007A85C1 /* SDWebImage */ = {
			isa = PBXGroup;
			children = (
				14C76A751B6A6C79007A85C1 /* MKAnnotationView+WebCache.h */,
				14C76A761B6A6C79007A85C1 /* MKAnnotationView+WebCache.m */,
				14C76A771B6A6C79007A85C1 /* NSData+ImageContentType.h */,
				14C76A781B6A6C79007A85C1 /* NSData+ImageContentType.m */,
				14C76A791B6A6C79007A85C1 /* SDImageCache.h */,
				14C76A7A1B6A6C79007A85C1 /* SDImageCache.m */,
				14C76A7B1B6A6C79007A85C1 /* SDWebImageCompat.h */,
				14C76A7C1B6A6C79007A85C1 /* SDWebImageCompat.m */,
				14C76A7D1B6A6C79007A85C1 /* SDWebImageDecoder.h */,
				14C76A7E1B6A6C79007A85C1 /* SDWebImageDecoder.m */,
				14C76A7F1B6A6C79007A85C1 /* SDWebImageDownloader.h */,
				14C76A801B6A6C79007A85C1 /* SDWebImageDownloader.m */,
				14C76A811B6A6C79007A85C1 /* SDWebImageDownloaderOperation.h */,
				14C76A821B6A6C79007A85C1 /* SDWebImageDownloaderOperation.m */,
				14C76A831B6A6C79007A85C1 /* SDWebImageManager.h */,
				14C76A841B6A6C79007A85C1 /* SDWebImageManager.m */,
				14C76A851B6A6C79007A85C1 /* SDWebImageOperation.h */,
				14C76A861B6A6C79007A85C1 /* SDWebImagePrefetcher.h */,
				14C76A871B6A6C79007A85C1 /* SDWebImagePrefetcher.m */,
				14C76A881B6A6C79007A85C1 /* UIButton+WebCache.h */,
				14C76A891B6A6C79007A85C1 /* UIButton+WebCache.m */,
				14C76A8A1B6A6C79007A85C1 /* UIImage+GIF.h */,
				14C76A8B1B6A6C79007A85C1 /* UIImage+GIF.m */,
				14C76A8C1B6A6C79007A85C1 /* UIImage+MultiFormat.h */,
				14C76A8D1B6A6C79007A85C1 /* UIImage+MultiFormat.m */,
				14C76A8E1B6A6C79007A85C1 /* UIImage+WebP.h */,
				14C76A8F1B6A6C79007A85C1 /* UIImage+WebP.m */,
				14C76A901B6A6C79007A85C1 /* UIImageView+HighlightedWebCache.h */,
				14C76A911B6A6C79007A85C1 /* UIImageView+HighlightedWebCache.m */,
				14C76A921B6A6C79007A85C1 /* UIImageView+WebCache.h */,
				14C76A931B6A6C79007A85C1 /* UIImageView+WebCache.m */,
				14C76A941B6A6C79007A85C1 /* UIView+WebCacheOperation.h */,
				14C76A951B6A6C79007A85C1 /* UIView+WebCacheOperation.m */,
			);
			path = SDWebImage;
			sourceTree = "<group>";
		};
		14C76ABD1B6B9CCD007A85C1 /* Model */ = {
			isa = PBXGroup;
			children = (
				14C76ABE1B6B9D00007A85C1 /* ZJLUser.h */,
				14C76ABF1B6B9D00007A85C1 /* ZJLUser.m */,
				14C76AC11B6B9D16007A85C1 /* ZJLQiubai.h */,
				14C76AC21B6B9D16007A85C1 /* ZJLQiubai.m */,
				14F9A55E1B6C92E400E16AD5 /* ZJLQiubaiFrame.h */,
				14F9A55F1B6C92E400E16AD5 /* ZJLQiubaiFrame.m */,
			);
			path = Model;
			sourceTree = "<group>";
		};
		14F9A5171B6BB61D00E16AD5 /* MJRefresh */ = {
			isa = PBXGroup;
			children = (
				14F9A5181B6BB61D00E16AD5 /* Base */,
				14F9A5231B6BB61D00E16AD5 /* Custom */,
				14F9A53A1B6BB61D00E16AD5 /* MJRefresh.bundle */,
				14F9A53B1B6BB61D00E16AD5 /* MJRefresh.h */,
				14F9A53C1B6BB61D00E16AD5 /* MJRefreshConst.h */,
				14F9A53D1B6BB61D00E16AD5 /* MJRefreshConst.m */,
				14F9A53E1B6BB61D00E16AD5 /* UIScrollView+MJExtension.h */,
				14F9A53F1B6BB61D00E16AD5 /* UIScrollView+MJExtension.m */,
				14F9A5401B6BB61D00E16AD5 /* UIScrollView+MJRefresh.h */,
				14F9A5411B6BB61D00E16AD5 /* UIScrollView+MJRefresh.m */,
				14F9A5421B6BB61D00E16AD5 /* UIView+MJExtension.h */,
				14F9A5431B6BB61D00E16AD5 /* UIView+MJExtension.m */,
			);
			path = MJRefresh;
			sourceTree = "<group>";
		};
		14F9A5181B6BB61D00E16AD5 /* Base */ = {
			isa = PBXGroup;
			children = (
				14F9A5191B6BB61D00E16AD5 /* MJRefreshAutoFooter.h */,
				14F9A51A1B6BB61D00E16AD5 /* MJRefreshAutoFooter.m */,
				14F9A51B1B6BB61D00E16AD5 /* MJRefreshBackFooter.h */,
				14F9A51C1B6BB61D00E16AD5 /* MJRefreshBackFooter.m */,
				14F9A51D1B6BB61D00E16AD5 /* MJRefreshComponent.h */,
				14F9A51E1B6BB61D00E16AD5 /* MJRefreshComponent.m */,
				14F9A51F1B6BB61D00E16AD5 /* MJRefreshFooter.h */,
				14F9A5201B6BB61D00E16AD5 /* MJRefreshFooter.m */,
				14F9A5211B6BB61D00E16AD5 /* MJRefreshHeader.h */,
				14F9A5221B6BB61D00E16AD5 /* MJRefreshHeader.m */,
			);
			path = Base;
			sourceTree = "<group>";
		};
		14F9A5231B6BB61D00E16AD5 /* Custom */ = {
			isa = PBXGroup;
			children = (
				14F9A5241B6BB61D00E16AD5 /* Footer */,
				14F9A5331B6BB61D00E16AD5 /* Header */,
			);
			path = Custom;
			sourceTree = "<group>";
		};
		14F9A5241B6BB61D00E16AD5 /* Footer */ = {
			isa = PBXGroup;
			children = (
				14F9A5251B6BB61D00E16AD5 /* Auto */,
				14F9A52C1B6BB61D00E16AD5 /* Back */,
			);
			path = Footer;
			sourceTree = "<group>";
		};
		14F9A5251B6BB61D00E16AD5 /* Auto */ = {
			isa = PBXGroup;
			children = (
				14F9A5261B6BB61D00E16AD5 /* MJRefreshAutoGifFooter.h */,
				14F9A5271B6BB61D00E16AD5 /* MJRefreshAutoGifFooter.m */,
				14F9A5281B6BB61D00E16AD5 /* MJRefreshAutoNormalFooter.h */,
				14F9A5291B6BB61D00E16AD5 /* MJRefreshAutoNormalFooter.m */,
				14F9A52A1B6BB61D00E16AD5 /* MJRefreshAutoStateFooter.h */,
				14F9A52B1B6BB61D00E16AD5 /* MJRefreshAutoStateFooter.m */,
			);
			path = Auto;
			sourceTree = "<group>";
		};
		14F9A52C1B6BB61D00E16AD5 /* Back */ = {
			isa = PBXGroup;
			children = (
				14F9A52D1B6BB61D00E16AD5 /* MJRefreshBackGifFooter.h */,
				14F9A52E1B6BB61D00E16AD5 /* MJRefreshBackGifFooter.m */,
				14F9A52F1B6BB61D00E16AD5 /* MJRefreshBackNormalFooter.h */,
				14F9A5301B6BB61D00E16AD5 /* MJRefreshBackNormalFooter.m */,
				14F9A5311B6BB61D00E16AD5 /* MJRefreshBackStateFooter.h */,
				14F9A5321B6BB61D00E16AD5 /* MJRefreshBackStateFooter.m */,
			);
			path = Back;
			sourceTree = "<group>";
		};
		14F9A5331B6BB61D00E16AD5 /* Header */ = {
			isa = PBXGroup;
			children = (
				14F9A5341B6BB61D00E16AD5 /* MJRefreshGifHeader.h */,
				14F9A5351B6BB61D00E16AD5 /* MJRefreshGifHeader.m */,
				14F9A5361B6BB61D00E16AD5 /* MJRefreshNormalHeader.h */,
				14F9A5371B6BB61D00E16AD5 /* MJRefreshNormalHeader.m */,
				14F9A5381B6BB61D00E16AD5 /* MJRefreshStateHeader.h */,
				14F9A5391B6BB61D00E16AD5 /* MJRefreshStateHeader.m */,
			);
			path = Header;
			sourceTree = "<group>";
		};
		14F9A5571B6C6C7D00E16AD5 /* View */ = {
			isa = PBXGroup;
			children = (
				14F9A55B1B6C6D2700E16AD5 /* ZJLQiubaiCell.h */,
				14F9A55C1B6C6D2700E16AD5 /* ZJLQiubaiCell.m */,
			);
			path = View;
			sourceTree = "<group>";
		};
/* End PBXGroup section */

/* Begin PBXNativeTarget section */
		145C69071B6A56440090E006 /* qiubai */ = {
			isa = PBXNativeTarget;
			buildConfigurationList = 145C692B1B6A56440090E006 /* Build configuration list for PBXNativeTarget "qiubai" */;
			buildPhases = (
				145C69041B6A56440090E006 /* Sources */,
				145C69051B6A56440090E006 /* Frameworks */,
				145C69061B6A56440090E006 /* Resources */,
			);
			buildRules = (
			);
			dependencies = (
			);
			name = qiubai;
			productName = qiubai;
			productReference = 145C69081B6A56440090E006 /* qiubai.app */;
			productType = "com.apple.product-type.application";
		};
		145C69201B6A56440090E006 /* qiubaiTests */ = {
			isa = PBXNativeTarget;
			buildConfigurationList = 145C692E1B6A56440090E006 /* Build configuration list for PBXNativeTarget "qiubaiTests" */;
			buildPhases = (
				145C691D1B6A56440090E006 /* Sources */,
				145C691E1B6A56440090E006 /* Frameworks */,
				145C691F1B6A56440090E006 /* Resources */,
			);
			buildRules = (
			);
			dependencies = (
				145C69231B6A56440090E006 /* PBXTargetDependency */,
			);
			name = qiubaiTests;
			productName = qiubaiTests;
			productReference = 145C69211B6A56440090E006 /* qiubaiTests.xctest */;
			productType = "com.apple.product-type.bundle.unit-test";
		};
/* End PBXNativeTarget section */

/* Begin PBXProject section */
		145C69001B6A56440090E006 /* Project object */ = {
			isa = PBXProject;
			attributes = {
				LastUpgradeCheck = 0640;
				ORGANIZATIONNAME = seven;
				TargetAttributes = {
					145C69071B6A56440090E006 = {
						CreatedOnToolsVersion = 6.4;
					};
					145C69201B6A56440090E006 = {
						CreatedOnToolsVersion = 6.4;
						TestTargetID = 145C69071B6A56440090E006;
					};
				};
			};
			buildConfigurationList = 145C69031B6A56440090E006 /* Build configuration list for PBXProject "qiubai" */;
			compatibilityVersion = "Xcode 3.2";
			developmentRegion = English;
			hasScannedForEncodings = 0;
			knownRegions = (
				en,
				Base,
			);
			mainGroup = 145C68FF1B6A56440090E006;
			productRefGroup = 145C69091B6A56440090E006 /* Products */;
			projectDirPath = "";
			projectRoot = "";
			targets = (
				145C69071B6A56440090E006 /* qiubai */,
				145C69201B6A56440090E006 /* qiubaiTests */,
			);
		};
/* End PBXProject section */

/* Begin PBXResourcesBuildPhase section */
		145C69061B6A56440090E006 /* Resources */ = {
			isa = PBXResourcesBuildPhase;
			buildActionMask = 2147483647;
			files = (
				145C69191B6A56440090E006 /* Images.xcassets in Resources */,
				14C76AA01B6A6C79007A85C1 /* MBProgressHUD.bundle in Resources */,
				14F9A5521B6BB61D00E16AD5 /* MJRefresh.bundle in Resources */,
			);
			runOnlyForDeploymentPostprocessing = 0;
		};
		145C691F1B6A56440090E006 /* Resources */ = {
			isa = PBXResourcesBuildPhase;
			buildActionMask = 2147483647;
			files = (
			);
			runOnlyForDeploymentPostprocessing = 0;
		};
/* End PBXResourcesBuildPhase section */

/* Begin PBXSourcesBuildPhase section */
		145C69041B6A56440090E006 /* Sources */ = {
			isa = PBXSourcesBuildPhase;
			buildActionMask = 2147483647;
			files = (
				14C76AB11B6A6C79007A85C1 /* SDWebImageDecoder.m in Sources */,
				14C76AB41B6A6C79007A85C1 /* SDWebImageManager.m in Sources */,
				14C76AAA1B6A6C79007A85C1 /* NSObject+MJCoding.m in Sources */,
				14C76AC31B6B9D16007A85C1 /* ZJLQiubai.m in Sources */,
				145C69551B6A5CAB0090E006 /* HWTabbar.m in Sources */,
				14F9A5461B6BB61D00E16AD5 /* MJRefreshComponent.m in Sources */,
				145C69471B6A5B5D0090E006 /* UIView+Extension.m in Sources */,
				14F9A5491B6BB61D00E16AD5 /* MJRefreshAutoGifFooter.m in Sources */,
				14C76AAB1B6A6C79007A85C1 /* NSObject+MJKeyValue.m in Sources */,
				145C69611B6A60630090E006 /* ZJLTableViewController.m in Sources */,
				14F9A5501B6BB61D00E16AD5 /* MJRefreshNormalHeader.m in Sources */,
				145C69441B6A5B5D0090E006 /* UIBarButtonItem+Extension.m in Sources */,
				14C76AAD1B6A6C79007A85C1 /* MKAnnotationView+WebCache.m in Sources */,
				14F9A5441B6BB61D00E16AD5 /* MJRefreshAutoFooter.m in Sources */,
				14C76A9D1B6A6C79007A85C1 /* AFURLResponseSerialization.m in Sources */,
				14F9A55D1B6C6D2700E16AD5 /* ZJLQiubaiCell.m in Sources */,
				14C76A9B1B6A6C79007A85C1 /* AFURLConnectionOperation.m in Sources */,
				14C76AB91B6A6C79007A85C1 /* UIImage+WebP.m in Sources */,
				14F9A54B1B6BB61D00E16AD5 /* MJRefreshAutoStateFooter.m in Sources */,
				14F9A5451B6BB61D00E16AD5 /* MJRefreshBackFooter.m in Sources */,
				14C76AA71B6A6C79007A85C1 /* MJMethod.m in Sources */,
				14C76AAF1B6A6C79007A85C1 /* SDImageCache.m in Sources */,
				14C76AC01B6B9D00007A85C1 /* ZJLUser.m in Sources */,
				145C69541B6A5CAB0090E006 /* HWSearchBar.m in Sources */,
				145C69451B6A5B5D0090E006 /* UIWindow+Extension.m in Sources */,
				14C76A971B6A6C79007A85C1 /* AFHTTPRequestOperationManager.m in Sources */,
				14C76AB81B6A6C79007A85C1 /* UIImage+MultiFormat.m in Sources */,
				14F9A5601B6C92E400E16AD5 /* ZJLQiubaiFrame.m in Sources */,
				14C76ABA1B6A6C79007A85C1 /* UIImageView+HighlightedWebCache.m in Sources */,
				14C76AA21B6A6C79007A85C1 /* MJArgument.m in Sources */,
				145C69431B6A5B5D0090E006 /* NSString+Extension.m in Sources */,
				14C76A9A1B6A6C79007A85C1 /* AFSecurityPolicy.m in Sources */,
				14C76AB71B6A6C79007A85C1 /* UIImage+GIF.m in Sources */,
				14F9A5561B6BB61D00E16AD5 /* UIView+MJExtension.m in Sources */,
				14C76AB01B6A6C79007A85C1 /* SDWebImageCompat.m in Sources */,
				14F9A5551B6BB61D00E16AD5 /* UIScrollView+MJRefresh.m in Sources */,
				145C69521B6A5CAB0090E006 /* HWPlaceholderTextView.m in Sources */,
				14F9A54A1B6BB61D00E16AD5 /* MJRefreshAutoNormalFooter.m in Sources */,
				14F9A5481B6BB61D00E16AD5 /* MJRefreshHeader.m in Sources */,
				14C76AAC1B6A6C79007A85C1 /* NSObject+MJMember.m in Sources */,
				14C76A9F1B6A6C79007A85C1 /* MBProgressHUD+MJ.m in Sources */,
				145C69421B6A5B5D0090E006 /* NSDate+Extension.m in Sources */,
				14F9A54D1B6BB61D00E16AD5 /* MJRefreshBackNormalFooter.m in Sources */,
				14C76AB31B6A6C79007A85C1 /* SDWebImageDownloaderOperation.m in Sources */,
				14C76AA41B6A6C79007A85C1 /* MJFoundation.m in Sources */,
				14C76A9C1B6A6C79007A85C1 /* AFURLRequestSerialization.m in Sources */,
				14F9A54E1B6BB61D00E16AD5 /* MJRefreshBackStateFooter.m in Sources */,
				14C76AA31B6A6C79007A85C1 /* MJConst.m in Sources */,
				14F9A5541B6BB61D00E16AD5 /* UIScrollView+MJExtension.m in Sources */,
				14C76A991B6A6C79007A85C1 /* AFNetworkReachabilityManager.m in Sources */,
				145C69111B6A56440090E006 /* AppDelegate.m in Sources */,
				14C76AA11B6A6C79007A85C1 /* MBProgressHUD.m in Sources */,
				145C69351B6A5AF50090E006 /* HWNavigationController.m in Sources */,
				145C690E1B6A56440090E006 /* main.m in Sources */,
				14F9A5511B6BB61D00E16AD5 /* MJRefreshStateHeader.m in Sources */,
				14C76A961B6A6C79007A85C1 /* AFHTTPRequestOperation.m in Sources */,
				14C76ABB1B6A6C79007A85C1 /* UIImageView+WebCache.m in Sources */,
				145C69461B6A5B5D0090E006 /* Foundation+Log.m in Sources */,
				14F9A5531B6BB61D00E16AD5 /* MJRefreshConst.m in Sources */,
				14F9A54C1B6BB61D00E16AD5 /* MJRefreshBackGifFooter.m in Sources */,
				14C76ABC1B6A6C79007A85C1 /* UIView+WebCacheOperation.m in Sources */,
				14C76A981B6A6C79007A85C1 /* AFHTTPSessionManager.m in Sources */,
				14F9A54F1B6BB61D00E16AD5 /* MJRefreshGifHeader.m in Sources */,
				14C76AB51B6A6C79007A85C1 /* SDWebImagePrefetcher.m in Sources */,
				14C76AA51B6A6C79007A85C1 /* MJIvar.m in Sources */,
				14C76AAE1B6A6C79007A85C1 /* NSData+ImageContentType.m in Sources */,
				14C76AA81B6A6C79007A85C1 /* MJType.m in Sources */,
				14F9A5471B6BB61D00E16AD5 /* MJRefreshFooter.m in Sources */,
				145C69531B6A5CAB0090E006 /* HWDropdownMenu.m in Sources */,
				14C76AA61B6A6C79007A85C1 /* MJMember.m in Sources */,
				14C76AA91B6A6C79007A85C1 /* MJTypeEncoding.m in Sources */,
				14C76AB61B6A6C79007A85C1 /* UIButton+WebCache.m in Sources */,
				14C76AB21B6A6C79007A85C1 /* SDWebImageDownloader.m in Sources */,
				14C76A9E1B6A6C79007A85C1 /* AFURLSessionManager.m in Sources */,
			);
			runOnlyForDeploymentPostprocessing = 0;
		};
		145C691D1B6A56440090E006 /* Sources */ = {
			isa = PBXSourcesBuildPhase;
			buildActionMask = 2147483647;
			files = (
				145C69281B6A56440090E006 /* qiubaiTests.m in Sources */,
			);
			runOnlyForDeploymentPostprocessing = 0;
		};
/* End PBXSourcesBuildPhase section */

/* Begin PBXTargetDependency section */
		145C69231B6A56440090E006 /* PBXTargetDependency */ = {
			isa = PBXTargetDependency;
			target = 145C69071B6A56440090E006 /* qiubai */;
			targetProxy = 145C69221B6A56440090E006 /* PBXContainerItemProxy */;
		};
/* End PBXTargetDependency section */

/* Begin XCBuildConfiguration section */
		145C69291B6A56440090E006 /* Debug */ = {
			isa = XCBuildConfiguration;
			buildSettings = {
				ALWAYS_SEARCH_USER_PATHS = NO;
				CLANG_CXX_LANGUAGE_STANDARD = "gnu++0x";
				CLANG_CXX_LIBRARY = "libc++";
				CLANG_ENABLE_MODULES = YES;
				CLANG_ENABLE_OBJC_ARC = YES;
				CLANG_WARN_BOOL_CONVERSION = YES;
				CLANG_WARN_CONSTANT_CONVERSION = YES;
				CLANG_WARN_DIRECT_OBJC_ISA_USAGE = YES_ERROR;
				CLANG_WARN_EMPTY_BODY = YES;
				CLANG_WARN_ENUM_CONVERSION = YES;
				CLANG_WARN_INT_CONVERSION = YES;
				CLANG_WARN_OBJC_ROOT_CLASS = YES_ERROR;
				CLANG_WARN_UNREACHABLE_CODE = YES;
				CLANG_WARN__DUPLICATE_METHOD_MATCH = YES;
				"CODE_SIGN_IDENTITY[sdk=iphoneos*]" = "iPhone Developer";
				COPY_PHASE_STRIP = NO;
				DEBUG_INFORMATION_FORMAT = "dwarf-with-dsym";
				ENABLE_STRICT_OBJC_MSGSEND = YES;
				GCC_C_LANGUAGE_STANDARD = gnu99;
				GCC_DYNAMIC_NO_PIC = NO;
				GCC_NO_COMMON_BLOCKS = YES;
				GCC_OPTIMIZATION_LEVEL = 0;
				GCC_PREFIX_HEADER = "$(SRCROOT)/qiubai/Prefix.pch";
				GCC_PREPROCESSOR_DEFINITIONS = (
					"DEBUG=1",
					"$(inherited)",
				);
				GCC_SYMBOLS_PRIVATE_EXTERN = NO;
				GCC_WARN_64_TO_32_BIT_CONVERSION = YES;
				GCC_WARN_ABOUT_RETURN_TYPE = YES_ERROR;
				GCC_WARN_UNDECLARED_SELECTOR = YES;
				GCC_WARN_UNINITIALIZED_AUTOS = YES_AGGRESSIVE;
				GCC_WARN_UNUSED_FUNCTION = YES;
				GCC_WARN_UNUSED_VARIABLE = YES;
				IPHONEOS_DEPLOYMENT_TARGET = 8.4;
				MTL_ENABLE_DEBUG_INFO = YES;
				ONLY_ACTIVE_ARCH = YES;
				SDKROOT = iphoneos;
			};
			name = Debug;
		};
		145C692A1B6A56440090E006 /* Release */ = {
			isa = XCBuildConfiguration;
			buildSettings = {
				ALWAYS_SEARCH_USER_PATHS = NO;
				CLANG_CXX_LANGUAGE_STANDARD = "gnu++0x";
				CLANG_CXX_LIBRARY = "libc++";
				CLANG_ENABLE_MODULES = YES;
				CLANG_ENABLE_OBJC_ARC = YES;
				CLANG_WARN_BOOL_CONVERSION = YES;
				CLANG_WARN_CONSTANT_CONVERSION = YES;
				CLANG_WARN_DIRECT_OBJC_ISA_USAGE = YES_ERROR;
				CLANG_WARN_EMPTY_BODY = YES;
				CLANG_WARN_ENUM_CONVERSION = YES;
				CLANG_WARN_INT_CONVERSION = YES;
				CLANG_WARN_OBJC_ROOT_CLASS = YES_ERROR;
				CLANG_WARN_UNREACHABLE_CODE = YES;
				CLANG_WARN__DUPLICATE_METHOD_MATCH = YES;
				"CODE_SIGN_IDENTITY[sdk=iphoneos*]" = "iPhone Developer";
				COPY_PHASE_STRIP = NO;
				DEBUG_INFORMATION_FORMAT = "dwarf-with-dsym";
				ENABLE_NS_ASSERTIONS = NO;
				ENABLE_STRICT_OBJC_MSGSEND = YES;
				GCC_C_LANGUAGE_STANDARD = gnu99;
				GCC_NO_COMMON_BLOCKS = YES;
				GCC_PREFIX_HEADER = "$(SRCROOT)/qiubai/Prefix.pch";
				GCC_WARN_64_TO_32_BIT_CONVERSION = YES;
				GCC_WARN_ABOUT_RETURN_TYPE = YES_ERROR;
				GCC_WARN_UNDECLARED_SELECTOR = YES;
				GCC_WARN_UNINITIALIZED_AUTOS = YES_AGGRESSIVE;
				GCC_WARN_UNUSED_FUNCTION = YES;
				GCC_WARN_UNUSED_VARIABLE = YES;
				IPHONEOS_DEPLOYMENT_TARGET = 8.4;
				MTL_ENABLE_DEBUG_INFO = NO;
				SDKROOT = iphoneos;
				VALIDATE_PRODUCT = YES;
			};
			name = Release;
		};
		145C692C1B6A56440090E006 /* Debug */ = {
			isa = XCBuildConfiguration;
			buildSettings = {
				ASSETCATALOG_COMPILER_APPICON_NAME = AppIcon;
				ASSETCATALOG_COMPILER_LAUNCHIMAGE_NAME = LaunchImage;
				INFOPLIST_FILE = qiubai/Info.plist;
				LD_RUNPATH_SEARCH_PATHS = "$(inherited) @executable_path/Frameworks";
				PRODUCT_NAME = "$(TARGET_NAME)";
			};
			name = Debug;
		};
		145C692D1B6A56440090E006 /* Release */ = {
			isa = XCBuildConfiguration;
			buildSettings = {
				ASSETCATALOG_COMPILER_APPICON_NAME = AppIcon;
				ASSETCATALOG_COMPILER_LAUNCHIMAGE_NAME = LaunchImage;
				GCC_PREFIX_HEADER = "";
				INFOPLIST_FILE = qiubai/Info.plist;
				LD_RUNPATH_SEARCH_PATHS = "$(inherited) @executable_path/Frameworks";
				PRODUCT_NAME = "$(TARGET_NAME)";
			};
			name = Release;
		};
		145C692F1B6A56440090E006 /* Debug */ = {
			isa = XCBuildConfiguration;
			buildSettings = {
				BUNDLE_LOADER = "$(TEST_HOST)";
				FRAMEWORK_SEARCH_PATHS = (
					"$(SDKROOT)/Developer/Library/Frameworks",
					"$(inherited)",
				);
				GCC_PREPROCESSOR_DEFINITIONS = (
					"DEBUG=1",
					"$(inherited)",
				);
				INFOPLIST_FILE = qiubaiTests/Info.plist;
				LD_RUNPATH_SEARCH_PATHS = "$(inherited) @executable_path/Frameworks @loader_path/Frameworks";
				PRODUCT_NAME = "$(TARGET_NAME)";
				TEST_HOST = "$(BUILT_PRODUCTS_DIR)/qiubai.app/qiubai";
			};
			name = Debug;
		};
		145C69301B6A56440090E006 /* Release */ = {
			isa = XCBuildConfiguration;
			buildSettings = {
				BUNDLE_LOADER = "$(TEST_HOST)";
				FRAMEWORK_SEARCH_PATHS = (
					"$(SDKROOT)/Developer/Library/Frameworks",
					"$(inherited)",
				);
				INFOPLIST_FILE = qiubaiTests/Info.plist;
				LD_RUNPATH_SEARCH_PATHS = "$(inherited) @executable_path/Frameworks @loader_path/Frameworks";
				PRODUCT_NAME = "$(TARGET_NAME)";
				TEST_HOST = "$(BUILT_PRODUCTS_DIR)/qiubai.app/qiubai";
			};
			name = Release;
		};
/* End XCBuildConfiguration section */

/* Begin XCConfigurationList section */
		145C69031B6A56440090E006 /* Build configuration list for PBXProject "qiubai" */ = {
			isa = XCConfigurationList;
			buildConfigurations = (
				145C69291B6A56440090E006 /* Debug */,
				145C692A1B6A56440090E006 /* Release */,
			);
			defaultConfigurationIsVisible = 0;
			defaultConfigurationName = Release;
		};
		145C692B1B6A56440090E006 /* Build configuration list for PBXNativeTarget "qiubai" */ = {
			isa = XCConfigurationList;
			buildConfigurations = (
				145C692C1B6A56440090E006 /* Debug */,
				145C692D1B6A56440090E006 /* Release */,
			);
			defaultConfigurationIsVisible = 0;
			defaultConfigurationName = Release;
		};
		145C692E1B6A56440090E006 /* Build configuration list for PBXNativeTarget "qiubaiTests" */ = {
			isa = XCConfigurationList;
			buildConfigurations = (
				145C692F1B6A56440090E006 /* Debug */,
				145C69301B6A56440090E006 /* Release */,
			);
			defaultConfigurationIsVisible = 0;
			defaultConfigurationName = Release;
		};
/* End XCConfigurationList section */
	};
	rootObject = 145C69001B6A56440090E006 /* Project object */;
}
